[[package]]
name = "core"
source = "git+https://github.com/FuelLabs/sway?rev#c681835d4427b8c36d9f340c8d4340aaa03591e6"

[[package]]
name = "core"
source = "path+from-root-A4E535DF2C0938B1"

[[package]]
name = "ecc"
source = "member"
dependencies = [
    "core git+https://github.com/FuelLabs/sway?rev#c681835d4427b8c36d9f340c8d4340aaa03591e6",
    "std",
]

[[package]]
name = "std"
source = "git+https://github.com/FuelLabs/sway?rev#c681835d4427b8c36d9f340c8d4340aaa03591e6"
dependencies = ["core path+from-root-A4E535DF2C0938B1"]
